// !$*UTF8*$!
{
	archiveVersion = 1;
	classes = {
	};
	objectVersion = 46;
	objects = {

/* Begin PBXBuildFile section */
		8496219B1F59DF8200F8F097 /* AppDelegate.swift in Sources */ = {isa = PBXBuildFile; fileRef = 8496219A1F59DF8200F8F097 /* AppDelegate.swift */; };
		8496219D1F59DF8200F8F097 /* ViewController.swift in Sources */ = {isa = PBXBuildFile; fileRef = 8496219C1F59DF8200F8F097 /* ViewController.swift */; };
		849621A01F59DF8200F8F097 /* Main.storyboard in Resources */ = {isa = PBXBuildFile; fileRef = 8496219E1F59DF8200F8F097 /* Main.storyboard */; };
		849621A21F59DF8200F8F097 /* Assets.xcassets in Resources */ = {isa = PBXBuildFile; fileRef = 849621A11F59DF8200F8F097 /* Assets.xcassets */; };
		849621A51F59DF8200F8F097 /* LaunchScreen.storyboard in Resources */ = {isa = PBXBuildFile; fileRef = 849621A31F59DF8200F8F097 /* LaunchScreen.storyboard */; };
		849621AD1F59E0B100F8F097 /* ChatControllerView.swift in Sources */ = {isa = PBXBuildFile; fileRef = 849621AC1F59E0B100F8F097 /* ChatControllerView.swift */; };
		849621AF1F59E40000F8F097 /* KeyboardTracker.swift in Sources */ = {isa = PBXBuildFile; fileRef = 849621AE1F59E40000F8F097 /* KeyboardTracker.swift */; };
		849621B11F59E90E00F8F097 /* ChatCollectionViewLayout.swift in Sources */ = {isa = PBXBuildFile; fileRef = 849621B01F59E90E00F8F097 /* ChatCollectionViewLayout.swift */; };
		849621B31F59EA5D00F8F097 /* CollectionViewCell.swift in Sources */ = {isa = PBXBuildFile; fileRef = 849621B21F59EA5D00F8F097 /* CollectionViewCell.swift */; };
/* End PBXBuildFile section */

/* Begin PBXFileReference section */
		849621971F59DF8200F8F097 /* TestCollection.app */ = {isa = PBXFileReference; explicitFileType = wrapper.application; includeInIndex = 0; path = TestCollection.app; sourceTree = BUILT_PRODUCTS_DIR; };
		8496219A1F59DF8200F8F097 /* AppDelegate.swift */ = {isa = PBXFileReference; lastKnownFileType = sourcecode.swift; path = AppDelegate.swift; sourceTree = "<group>"; };
		8496219C1F59DF8200F8F097 /* ViewController.swift */ = {isa = PBXFileReference; lastKnownFileType = sourcecode.swift; path = ViewController.swift; sourceTree = "<group>"; };
		8496219F1F59DF8200F8F097 /* Base */ = {isa = PBXFileReference; lastKnownFileType = file.storyboard; name = Base; path = Base.lproj/Main.storyboard; sourceTree = "<group>"; };
		849621A11F59DF8200F8F097 /* Assets.xcassets */ = {isa = PBXFileReference; lastKnownFileType = folder.assetcatalog; path = Assets.xcassets; sourceTree = "<group>"; };
		849621A41F59DF8200F8F097 /* Base */ = {isa = PBXFileReference; lastKnownFileType = file.storyboard; name = Base; path = Base.lproj/LaunchScreen.storyboard; sourceTree = "<group>"; };
		849621A61F59DF8200F8F097 /* Info.plist */ = {isa = PBXFileReference; lastKnownFileType = text.plist.xml; path = Info.plist; sourceTree = "<group>"; };
		849621AC1F59E0B100F8F097 /* ChatControllerView.swift */ = {isa = PBXFileReference; fileEncoding = 4; lastKnownFileType = sourcecode.swift; path = ChatControllerView.swift; sourceTree = "<group>"; };
		849621AE1F59E40000F8F097 /* KeyboardTracker.swift */ = {isa = PBXFileReference; fileEncoding = 4; lastKnownFileType = sourcecode.swift; path = KeyboardTracker.swift; sourceTree = "<group>"; };
		849621B01F59E90E00F8F097 /* ChatCollectionViewLayout.swift */ = {isa = PBXFileReference; fileEncoding = 4; lastKnownFileType = sourcecode.swift; path = ChatCollectionViewLayout.swift; sourceTree = "<group>"; };
		849621B21F59EA5D00F8F097 /* CollectionViewCell.swift */ = {isa = PBXFileReference; fileEncoding = 4; lastKnownFileType = sourcecode.swift; path = CollectionViewCell.swift; sourceTree = "<group>"; };
/* End PBXFileReference section */

/* Begin PBXFrameworksBuildPhase section */
		849621941F59DF8200F8F097 /* Frameworks */ = {
			isa = PBXFrameworksBuildPhase;
			buildActionMask = 2147483647;
			files = (
			);
			runOnlyForDeploymentPostprocessing = 0;
		};
/* End PBXFrameworksBuildPhase section */

/* Begin PBXGroup section */
		8496218E1F59DF8200F8F097 = {
			isa = PBXGroup;
			children = (
				849621991F59DF8200F8F097 /* TestCollection */,
				849621981F59DF8200F8F097 /* Products */,
			);
			sourceTree = "<group>";
		};
		849621981F59DF8200F8F097 /* Products */ = {
			isa = PBXGroup;
			children = (
				849621971F59DF8200F8F097 /* TestCollection.app */,
			);
			name = Products;
			sourceTree = "<group>";
		};
		849621991F59DF8200F8F097 /* TestCollection */ = {
			isa = PBXGroup;
			children = (
				849621B01F59E90E00F8F097 /* ChatCollectionViewLayout.swift */,
				8496219A1F59DF8200F8F097 /* AppDelegate.swift */,
				8496219C1F59DF8200F8F097 /* ViewController.swift */,
				849621AE1F59E40000F8F097 /* KeyboardTracker.swift */,
				8496219E1F59DF8200F8F097 /* Main.storyboard */,
				849621A11F59DF8200F8F097 /* Assets.xcassets */,
				849621A31F59DF8200F8F097 /* LaunchScreen.storyboard */,
				849621A61F59DF8200F8F097 /* Info.plist */,
				849621AC1F59E0B100F8F097 /* ChatControllerView.swift */,
				849621B21F59EA5D00F8F097 /* CollectionViewCell.swift */,
			);
			path = TestCollection;
			sourceTree = "<group>";
		};
/* End PBXGroup section */

/* Begin PBXNativeTarget section */
		849621961F59DF8200F8F097 /* TestCollection */ = {
			isa = PBXNativeTarget;
			buildConfigurationList = 849621A91F59DF8200F8F097 /* Build configuration list for PBXNativeTarget "TestCollection" */;
			buildPhases = (
				849621931F59DF8200F8F097 /* Sources */,
				849621941F59DF8200F8F097 /* Frameworks */,
				849621951F59DF8200F8F097 /* Resources */,
			);
			buildRules = (
			);
			dependencies = (
			);
			name = TestCollection;
			productName = TestCollection;
			productReference = 849621971F59DF8200F8F097 /* TestCollection.app */;
			productType = "com.apple.product-type.application";
		};
/* End PBXNativeTarget section */

/* Begin PBXProject section */
		8496218F1F59DF8200F8F097 /* Project object */ = {
			isa = PBXProject;
			attributes = {
				LastSwiftUpdateCheck = 0830;
				LastUpgradeCheck = 0830;
				ORGANIZATIONNAME = "1C Rarus";
				TargetAttributes = {
					849621961F59DF8200F8F097 = {
						CreatedOnToolsVersion = 8.3.3;
						DevelopmentTeam = C69Q9E6SNL;
						ProvisioningStyle = Automatic;
					};
				};
			};
			buildConfigurationList = 849621921F59DF8200F8F097 /* Build configuration list for PBXProject "TestCollection" */;
			compatibilityVersion = "Xcode 3.2";
			developmentRegion = English;
			hasScannedForEncodings = 0;
			knownRegions = (
				en,
				Base,
			);
			mainGroup = 8496218E1F59DF8200F8F097;
			productRefGroup = 849621981F59DF8200F8F097 /* Products */;
			projectDirPath = "";
			projectRoot = "";
			targets = (
				849621961F59DF8200F8F097 /* TestCollection */,
			);
		};
/* End PBXProject section */

/* Begin PBXResourcesBuildPhase section */
		849621951F59DF8200F8F097 /* Resources */ = {
			isa = PBXResourcesBuildPhase;
			buildActionMask = 2147483647;
			files = (
				849621A51F59DF8200F8F097 /* LaunchScreen.storyboard in Resources */,
				849621A21F59DF8200F8F097 /* Assets.xcassets in Resources */,
				849621A01F59DF8200F8F097 /* Main.storyboard in Resources */,
			);
			runOnlyForDeploymentPostprocessing = 0;
		};
/* End PBXResourcesBuildPhase section */

/* Begin PBXSourcesBuildPhase section */
		849621931F59DF8200F8F097 /* Sources */ = {
			isa = PBXSourcesBuildPhase;
			buildActionMask = 2147483647;
			files = (
				8496219D1F59DF8200F8F097 /* ViewController.swift in Sources */,
				849621B11F59E90E00F8F097 /* ChatCollectionViewLayout.swift in Sources */,
				849621B31F59EA5D00F8F097 /* CollectionViewCell.swift in Sources */,
				849621AF1F59E40000F8F097 /* KeyboardTracker.swift in Sources */,
				8496219B1F59DF8200F8F097 /* AppDelegate.swift in Sources */,
				849621AD1F59E0B100F8F097 /* ChatControllerView.swift in Sources */,
			);
			runOnlyForDeploymentPostprocessing = 0;
		};
/* End PBXSourcesBuildPhase section */

/* Begin PBXVariantGroup section */
		8496219E1F59DF8200F8F097 /* Main.storyboard */ = {
			isa = PBXVariantGroup;
			children = (
				8496219F1F59DF8200F8F097 /* Base */,
			);
			name = Main.storyboard;
			sourceTree = "<group>";
		};
		849621A31F59DF8200F8F097 /* LaunchScreen.storyboard */ = {
			isa = PBXVariantGroup;
			children = (
				849621A41F59DF8200F8F097 /* Base */,
			);
			name = LaunchScreen.storyboard;
			sourceTree = "<group>";
		};
/* End PBXVariantGroup section */

/* Begin XCBuildConfiguration section */
		849621A71F59DF8200F8F097 /* Debug */ = {
			isa = XCBuildConfiguration;
			buildSettings = {
				ALWAYS_SEARCH_USER_PATHS = NO;
				CLANG_ANALYZER_NONNULL = YES;
				CLANG_ANALYZER_NUMBER_OBJECT_CONVERSION = YES_AGGRESSIVE;
				CLANG_CXX_LANGUAGE_STANDARD = "gnu++0x";
				CLANG_CXX_LIBRARY = "libc++";
				CLANG_ENABLE_MODULES = YES;
				CLANG_ENABLE_OBJC_ARC = YES;
				CLANG_WARN_BOOL_CONVERSION = YES;
				CLANG_WARN_CONSTANT_CONVERSION = YES;
				CLANG_WARN_DIRECT_OBJC_ISA_USAGE = YES_ERROR;
				CLANG_WARN_DOCUMENTATION_COMMENTS = YES;
				CLANG_WARN_EMPTY_BODY = YES;
				CLANG_WARN_ENUM_CONVERSION = YES;
				CLANG_WARN_INFINITE_RECURSION = YES;
				CLANG_WARN_INT_CONVERSION = YES;
				CLANG_WARN_OBJC_ROOT_CLASS = YES_ERROR;
				CLANG_WARN_SUSPICIOUS_MOVE = YES;
				CLANG_WARN_UNREACHABLE_CODE = YES;
				CLANG_WARN__DUPLICATE_METHOD_MATCH = YES;
				"CODE_SIGN_IDENTITY[sdk=iphoneos*]" = "iPhone Developer";
				COPY_PHASE_STRIP = NO;
				DEBUG_INFORMATION_FORMAT = dwarf;
				ENABLE_STRICT_OBJC_MSGSEND = YES;
				ENABLE_TESTABILITY = YES;
				GCC_C_LANGUAGE_STANDARD = gnu99;
				GCC_DYNAMIC_NO_PIC = NO;
				GCC_NO_COMMON_BLOCKS = YES;
				GCC_OPTIMIZATION_LEVEL = 0;
				GCC_PREPROCESSOR_DEFINITIONS = (
					"DEBUG=1",
					"$(inherited)",
				);
				GCC_WARN_64_TO_32_BIT_CONVERSION = YES;
				GCC_WARN_ABOUT_RETURN_TYPE = YES_ERROR;
				GCC_WARN_UNDECLARED_SELECTOR = YES;
				GCC_WARN_UNINITIALIZED_AUTOS = YES_AGGRESSIVE;
				GCC_WARN_UNUSED_FUNCTION = YES;
				GCC_WARN_UNUSED_VARIABLE = YES;
				IPHONEOS_DEPLOYMENT_TARGET = 10.3;
				MTL_ENABLE_DEBUG_INFO = YES;
				ONLY_ACTIVE_ARCH = YES;
				SDKROOT = iphoneos;
				SWIFT_ACTIVE_COMPILATION_CONDITIONS = DEBUG;
				SWIFT_OPTIMIZATION_LEVEL = "-Onone";
				TARGETED_DEVICE_FAMILY = "1,2";
			};
			name = Debug;
		};
		849621A81F59DF8200F8F097 /* Release */ = {
			isa = XCBuildConfiguration;
			buildSettings = {
				ALWAYS_SEARCH_USER_PATHS = NO;
				CLANG_ANALYZER_NONNULL = YES;
				CLANG_ANALYZER_NUMBER_OBJECT_CONVERSION = YES_AGGRESSIVE;
				CLANG_CXX_LANGUAGE_STANDARD = "gnu++0x";
				CLANG_CXX_LIBRARY = "libc++";
				CLANG_ENABLE_MODULES = YES;
				CLANG_ENABLE_OBJC_ARC = YES;
				CLANG_WARN_BOOL_CONVERSION = YES;
				CLANG_WARN_CONSTANT_CONVERSION = YES;
				CLANG_WARN_DIRECT_OBJC_ISA_USAGE = YES_ERROR;
				CLANG_WARN_DOCUMENTATION_COMMENTS = YES;
				CLANG_WARN_EMPTY_BODY = YES;
				CLANG_WARN_ENUM_CONVERSION = YES;
				CLANG_WARN_INFINITE_RECURSION = YES;
				CLANG_WARN_INT_CONVERSION = YES;
				CLANG_WARN_OBJC_ROOT_CLASS = YES_ERROR;
				CLANG_WARN_SUSPICIOUS_MOVE = YES;
				CLANG_WARN_UNREACHABLE_CODE = YES;
				CLANG_WARN__DUPLICATE_METHOD_MATCH = YES;
				"CODE_SIGN_IDENTITY[sdk=iphoneos*]" = "iPhone Developer";
				COPY_PHASE_STRIP = NO;
				DEBUG_INFORMATION_FORMAT = "dwarf-with-dsym";
				ENABLE_NS_ASSERTIONS = NO;
				ENABLE_STRICT_OBJC_MSGSEND = YES;
				GCC_C_LANGUAGE_STANDARD = gnu99;
				GCC_NO_COMMON_BLOCKS = YES;
				GCC_WARN_64_TO_32_BIT_CONVERSION = YES;
				GCC_WARN_ABOUT_RETURN_TYPE = YES_ERROR;
				GCC_WARN_UNDECLARED_SELECTOR = YES;
				GCC_WARN_UNINITIALIZED_AUTOS = YES_AGGRESSIVE;
				GCC_WARN_UNUSED_FUNCTION = YES;
				GCC_WARN_UNUSED_VARIABLE = YES;
				IPHONEOS_DEPLOYMENT_TARGET = 10.3;
				MTL_ENABLE_DEBUG_INFO = NO;
				SDKROOT = iphoneos;
				SWIFT_OPTIMIZATION_LEVEL = "-Owholemodule";
				TARGETED_DEVICE_FAMILY = "1,2";
				VALIDATE_PRODUCT = YES;
			};
			name = Release;
		};
		849621AA1F59DF8200F8F097 /* Debug */ = {
			isa = XCBuildConfiguration;
			buildSettings = {
				ASSETCATALOG_COMPILER_APPICON_NAME = AppIcon;
				DEVELOPMENT_TEAM = C69Q9E6SNL;
				INFOPLIST_FILE = TestCollection/Info.plist;
				LD_RUNPATH_SEARCH_PATHS = "$(inherited) @executable_path/Frameworks";
				PRODUCT_BUNDLE_IDENTIFIER = ru.rarus.TestCollection;
				PRODUCT_NAME = "$(TARGET_NAME)";
				SWIFT_VERSION = 3.0;
			};
			name = Debug;
		};
		849621AB1F59DF8200F8F097 /* Release */ = {
			isa = XCBuildConfiguration;
			buildSettings = {
				ASSETCATALOG_COMPILER_APPICON_NAME = AppIcon;
				DEVELOPMENT_TEAM = C69Q9E6SNL;
				INFOPLIST_FILE = TestCollection/Info.plist;
				LD_RUNPATH_SEARCH_PATHS = "$(inherited) @executable_path/Frameworks";
				PRODUCT_BUNDLE_IDENTIFIER = ru.rarus.TestCollection;
				PRODUCT_NAME = "$(TARGET_NAME)";
				SWIFT_VERSION = 3.0;
			};
			name = Release;
		};
/* End XCBuildConfiguration section */

/* Begin XCConfigurationList section */
		849621921F59DF8200F8F097 /* Build configuration list for PBXProject "TestCollection" */ = {
			isa = XCConfigurationList;
			buildConfigurations = (
				849621A71F59DF8200F8F097 /* Debug */,
				849621A81F59DF8200F8F097 /* Release */,
			);
			defaultConfigurationIsVisible = 0;
			defaultConfigurationName = Release;
		};
		849621A91F59DF8200F8F097 /* Build configuration list for PBXNativeTarget "TestCollection" */ = {
			isa = XCConfigurationList;
			buildConfigurations = (
				849621AA1F59DF8200F8F097 /* Debug */,
				849621AB1F59DF8200F8F097 /* Release */,
			);
			defaultConfigurationIsVisible = 0;
		};
/* End XCConfigurationList section */
	};
	rootObject = 8496218F1F59DF8200F8F097 /* Project object */;
}
